// !$*UTF8*$!
{
	archiveVersion = 1;
	classes = {
	};
	objectVersion = 46;
	objects = {

/* Begin PBXBuildFile section */
		45DA020AB418D5F1165DFC98 /* Pods__github_iosTests.framework in Frameworks */ = {isa = PBXBuildFile; fileRef = FB5DF9939742B7090524F146 /* Pods__github_iosTests.framework */; };
		751B26501E71DD4A00905606 /* AccessToken.swift in Sources */ = {isa = PBXBuildFile; fileRef = 751B264F1E71DD4A00905606 /* AccessToken.swift */; };
		75433ED01E954A200081FB97 /* LoginViewController.swift in Sources */ = {isa = PBXBuildFile; fileRef = 75433ECF1E954A200081FB97 /* LoginViewController.swift */; };
		75433ED31E954AF50081FB97 /* LoginPresentable.swift in Sources */ = {isa = PBXBuildFile; fileRef = 75433ED21E954AF50081FB97 /* LoginPresentable.swift */; };
		75433ED81E954B680081FB97 /* LoginInteractor.swift in Sources */ = {isa = PBXBuildFile; fileRef = 75433ED71E954B680081FB97 /* LoginInteractor.swift */; };
		75433EDA1E954CA90081FB97 /* LoginInteractable.swift in Sources */ = {isa = PBXBuildFile; fileRef = 75433ED91E954CA90081FB97 /* LoginInteractable.swift */; };
		75433EDC1E954CF40081FB97 /* LoginPresenter.swift in Sources */ = {isa = PBXBuildFile; fileRef = 75433EDB1E954CF40081FB97 /* LoginPresenter.swift */; };
		75433EE11E95545F0081FB97 /* LoginView.swift in Sources */ = {isa = PBXBuildFile; fileRef = 75433EE01E95545F0081FB97 /* LoginView.swift */; };
		75433EE31E95547C0081FB97 /* LoginViewController+View.swift in Sources */ = {isa = PBXBuildFile; fileRef = 75433EE21E95547C0081FB97 /* LoginViewController+View.swift */; };
		75433EE61E9559800081FB97 /* FlowController.swift in Sources */ = {isa = PBXBuildFile; fileRef = 75433EE51E9559800081FB97 /* FlowController.swift */; };
		75433EF21E955E7A0081FB97 /* LoggedInState.swift in Sources */ = {isa = PBXBuildFile; fileRef = 75433EEF1E955E7A0081FB97 /* LoggedInState.swift */; };
		75433EF31E955E7A0081FB97 /* LoggedOutState.swift in Sources */ = {isa = PBXBuildFile; fileRef = 75433EF01E955E7A0081FB97 /* LoggedOutState.swift */; };
		75433EF41E955E7A0081FB97 /* LoginState.swift in Sources */ = {isa = PBXBuildFile; fileRef = 75433EF11E955E7A0081FB97 /* LoginState.swift */; };
		75433EF61E955EB30081FB97 /* BasePresenter.swift in Sources */ = {isa = PBXBuildFile; fileRef = 75433EF51E955EB30081FB97 /* BasePresenter.swift */; };
		75433EF81E9565100081FB97 /* Secure.swift in Sources */ = {isa = PBXBuildFile; fileRef = 75433EF71E9565100081FB97 /* Secure.swift */; };
		75433EFB1E956CEE0081FB97 /* LoginStateFactory.swift in Sources */ = {isa = PBXBuildFile; fileRef = 75433EFA1E956CEE0081FB97 /* LoginStateFactory.swift */; };
		75433EFE1E9573CD0081FB97 /* NotificationCenterController.swift in Sources */ = {isa = PBXBuildFile; fileRef = 75433EFD1E9573CD0081FB97 /* NotificationCenterController.swift */; };
		757BE75E1E782AD9004E316C /* NetworkService.swift in Sources */ = {isa = PBXBuildFile; fileRef = 757BE75D1E782AD9004E316C /* NetworkService.swift */; };
		757BE7601E783400004E316C /* FirebaseRequest.swift in Sources */ = {isa = PBXBuildFile; fileRef = 757BE75F1E783400004E316C /* FirebaseRequest.swift */; };
		757BE7631E783461004E316C /* ClaimAccessTokenRequest.swift in Sources */ = {isa = PBXBuildFile; fileRef = 757BE7621E783461004E316C /* ClaimAccessTokenRequest.swift */; };
		757BE7651E7834AA004E316C /* RegisterUserRequest.swift in Sources */ = {isa = PBXBuildFile; fileRef = 757BE7641E7834AA004E316C /* RegisterUserRequest.swift */; };
		757BE7671E783CFB004E316C /* HTTPRequestPerformer.swift in Sources */ = {isa = PBXBuildFile; fileRef = 757BE7661E783CFB004E316C /* HTTPRequestPerformer.swift */; };
		757BE7691E785822004E316C /* HTTPRequest.swift in Sources */ = {isa = PBXBuildFile; fileRef = 757BE7681E785822004E316C /* HTTPRequest.swift */; };
		757BE76B1E7872D6004E316C /* UserRequest.swift in Sources */ = {isa = PBXBuildFile; fileRef = 757BE76A1E7872D6004E316C /* UserRequest.swift */; };
		757DEE6D1E71EAED00747128 /* AccessTokenTests.swift in Sources */ = {isa = PBXBuildFile; fileRef = 757DEE6C1E71EAED00747128 /* AccessTokenTests.swift */; };
		757DEE6E1E71EBD600747128 /* AccessToken.swift in Sources */ = {isa = PBXBuildFile; fileRef = 751B264F1E71DD4A00905606 /* AccessToken.swift */; };
		757DEE941E77026300747128 /* GoogleService-Info.plist in Resources */ = {isa = PBXBuildFile; fileRef = 757DEE931E77026300747128 /* GoogleService-Info.plist */; };
		757DEE971E7709AA00747128 /* FirebaseService.swift in Sources */ = {isa = PBXBuildFile; fileRef = 757DEE961E7709AA00747128 /* FirebaseService.swift */; };
		757DEE991E7711B700747128 /* AppService.swift in Sources */ = {isa = PBXBuildFile; fileRef = 757DEE981E7711B700747128 /* AppService.swift */; };
		757DEE9B1E77129900747128 /* AppServicesDelegate.swift in Sources */ = {isa = PBXBuildFile; fileRef = 757DEE9A1E77129900747128 /* AppServicesDelegate.swift */; };
		757DEE9D1E77154700747128 /* URLSchemaService.swift in Sources */ = {isa = PBXBuildFile; fileRef = 757DEE9C1E77154700747128 /* URLSchemaService.swift */; };
		757DEEA01E77320C00747128 /* GithubConfig.swift in Sources */ = {isa = PBXBuildFile; fileRef = 757DEE9F1E77320C00747128 /* GithubConfig.swift */; };
		757DEEA21E77338800747128 /* GithubConfig-Info.plist in Resources */ = {isa = PBXBuildFile; fileRef = 757DEEA11E77338800747128 /* GithubConfig-Info.plist */; };
		758F04AA1E6F58F600791B26 /* AppDelegate.swift in Sources */ = {isa = PBXBuildFile; fileRef = 758F04A91E6F58F600791B26 /* AppDelegate.swift */; };
		758F04AC1E6F58F600791B26 /* ViewController.swift in Sources */ = {isa = PBXBuildFile; fileRef = 758F04AB1E6F58F600791B26 /* ViewController.swift */; };
		758F04AF1E6F58F600791B26 /* Main.storyboard in Resources */ = {isa = PBXBuildFile; fileRef = 758F04AD1E6F58F600791B26 /* Main.storyboard */; };
		758F04B11E6F58F600791B26 /* Assets.xcassets in Resources */ = {isa = PBXBuildFile; fileRef = 758F04B01E6F58F600791B26 /* Assets.xcassets */; };
		758F04B41E6F58F600791B26 /* LaunchScreen.storyboard in Resources */ = {isa = PBXBuildFile; fileRef = 758F04B21E6F58F600791B26 /* LaunchScreen.storyboard */; };
		7592F8981E969B1900A89CF8 /* Login.storyboard in Resources */ = {isa = PBXBuildFile; fileRef = 7592F8971E969B1900A89CF8 /* Login.storyboard */; };
		7592F89B1E96B33200A89CF8 /* EnterViewController.swift in Sources */ = {isa = PBXBuildFile; fileRef = 7592F89A1E96B33100A89CF8 /* EnterViewController.swift */; };
		7592F89D1E96B99100A89CF8 /* UILabel+Animation.swift in Sources */ = {isa = PBXBuildFile; fileRef = 7592F89C1E96B99100A89CF8 /* UILabel+Animation.swift */; };
		7597C0C71E7C8F66002E2772 /* URL+Github.swift in Sources */ = {isa = PBXBuildFile; fileRef = 7597C0C61E7C8F66002E2772 /* URL+Github.swift */; };
		7597C0C91E803C1B002E2772 /* User.swift in Sources */ = {isa = PBXBuildFile; fileRef = 7597C0C81E803C1B002E2772 /* User.swift */; };
		7597C0CB1E80622A002E2772 /* HTTPRequestResult.swift in Sources */ = {isa = PBXBuildFile; fileRef = 7597C0CA1E80622A002E2772 /* HTTPRequestResult.swift */; };
		7597C0CE1E807846002E2772 /* String+Dictionary.swift in Sources */ = {isa = PBXBuildFile; fileRef = 7597C0CD1E807846002E2772 /* String+Dictionary.swift */; };
		75D5B1AF1E8AD70200440AA8 /* String+Dictionary.swift in Sources */ = {isa = PBXBuildFile; fileRef = 7597C0CD1E807846002E2772 /* String+Dictionary.swift */; };
		75D5B1B01E8AD71700440AA8 /* HTTPRequestResult.swift in Sources */ = {isa = PBXBuildFile; fileRef = 7597C0CA1E80622A002E2772 /* HTTPRequestResult.swift */; };
		AA58A42AB509A62D05EBFCEB /* Pods__github_ios.framework in Frameworks */ = {isa = PBXBuildFile; fileRef = 7B9FBB1E4EABCC893F3FD299 /* Pods__github_ios.framework */; };
/* End PBXBuildFile section */

/* Begin PBXContainerItemProxy section */
		757DEE671E71EA8C00747128 /* PBXContainerItemProxy */ = {
			isa = PBXContainerItemProxy;
			containerPortal = 758F049E1E6F58F600791B26 /* Project object */;
			proxyType = 1;
			remoteGlobalIDString = 758F04A51E6F58F600791B26;
			remoteInfo = "#github-ios";
		};
/* End PBXContainerItemProxy section */

/* Begin PBXFileReference section */
		1A554B3703E8E38A63A6EF53 /* Pods-#github-iosTests.release.xcconfig */ = {isa = PBXFileReference; includeInIndex = 1; lastKnownFileType = text.xcconfig; name = "Pods-#github-iosTests.release.xcconfig"; path = "Pods/Target Support Files/Pods-#github-iosTests/Pods-#github-iosTests.release.xcconfig"; sourceTree = "<group>"; };
		751B264F1E71DD4A00905606 /* AccessToken.swift */ = {isa = PBXFileReference; fileEncoding = 4; lastKnownFileType = sourcecode.swift; name = AccessToken.swift; path = models/AccessToken.swift; sourceTree = "<group>"; };
		75433ECF1E954A200081FB97 /* LoginViewController.swift */ = {isa = PBXFileReference; fileEncoding = 4; lastKnownFileType = sourcecode.swift; name = LoginViewController.swift; path = view/LoginViewController.swift; sourceTree = "<group>"; };
		75433ED21E954AF50081FB97 /* LoginPresentable.swift */ = {isa = PBXFileReference; fileEncoding = 4; lastKnownFileType = sourcecode.swift; name = LoginPresentable.swift; path = presenter/LoginPresentable.swift; sourceTree = "<group>"; };
		75433ED71E954B680081FB97 /* LoginInteractor.swift */ = {isa = PBXFileReference; fileEncoding = 4; lastKnownFileType = sourcecode.swift; name = LoginInteractor.swift; path = interactor/LoginInteractor.swift; sourceTree = "<group>"; };
		75433ED91E954CA90081FB97 /* LoginInteractable.swift */ = {isa = PBXFileReference; fileEncoding = 4; lastKnownFileType = sourcecode.swift; name = LoginInteractable.swift; path = interactor/LoginInteractable.swift; sourceTree = "<group>"; };
		75433EDB1E954CF40081FB97 /* LoginPresenter.swift */ = {isa = PBXFileReference; fileEncoding = 4; lastKnownFileType = sourcecode.swift; name = LoginPresenter.swift; path = presenter/LoginPresenter.swift; sourceTree = "<group>"; };
		75433EE01E95545F0081FB97 /* LoginView.swift */ = {isa = PBXFileReference; fileEncoding = 4; lastKnownFileType = sourcecode.swift; name = LoginView.swift; path = view/LoginView.swift; sourceTree = "<group>"; };
		75433EE21E95547C0081FB97 /* LoginViewController+View.swift */ = {isa = PBXFileReference; fileEncoding = 4; lastKnownFileType = sourcecode.swift; name = "LoginViewController+View.swift"; path = "view/LoginViewController+View.swift"; sourceTree = "<group>"; };
		75433EE51E9559800081FB97 /* FlowController.swift */ = {isa = PBXFileReference; fileEncoding = 4; lastKnownFileType = sourcecode.swift; name = FlowController.swift; path = flow/FlowController.swift; sourceTree = "<group>"; };
		75433EEF1E955E7A0081FB97 /* LoggedInState.swift */ = {isa = PBXFileReference; fileEncoding = 4; lastKnownFileType = sourcecode.swift; name = LoggedInState.swift; path = state/LoggedInState.swift; sourceTree = "<group>"; };
		75433EF01E955E7A0081FB97 /* LoggedOutState.swift */ = {isa = PBXFileReference; fileEncoding = 4; lastKnownFileType = sourcecode.swift; name = LoggedOutState.swift; path = state/LoggedOutState.swift; sourceTree = "<group>"; };
		75433EF11E955E7A0081FB97 /* LoginState.swift */ = {isa = PBXFileReference; fileEncoding = 4; lastKnownFileType = sourcecode.swift; name = LoginState.swift; path = state/LoginState.swift; sourceTree = "<group>"; };
		75433EF51E955EB30081FB97 /* BasePresenter.swift */ = {isa = PBXFileReference; fileEncoding = 4; lastKnownFileType = sourcecode.swift; name = BasePresenter.swift; path = presenter/BasePresenter.swift; sourceTree = "<group>"; };
		75433EF71E9565100081FB97 /* Secure.swift */ = {isa = PBXFileReference; fileEncoding = 4; lastKnownFileType = sourcecode.swift; name = Secure.swift; path = util/Secure.swift; sourceTree = "<group>"; };
		75433EF91E9565960081FB97 /* #github-ios.entitlements */ = {isa = PBXFileReference; lastKnownFileType = text.plist.entitlements; path = "#github-ios.entitlements"; sourceTree = "<group>"; };
		75433EFA1E956CEE0081FB97 /* LoginStateFactory.swift */ = {isa = PBXFileReference; fileEncoding = 4; lastKnownFileType = sourcecode.swift; name = LoginStateFactory.swift; path = state/LoginStateFactory.swift; sourceTree = "<group>"; };
		75433EFD1E9573CD0081FB97 /* NotificationCenterController.swift */ = {isa = PBXFileReference; fileEncoding = 4; lastKnownFileType = sourcecode.swift; name = NotificationCenterController.swift; path = notification/NotificationCenterController.swift; sourceTree = "<group>"; };
		757BE75D1E782AD9004E316C /* NetworkService.swift */ = {isa = PBXFileReference; fileEncoding = 4; lastKnownFileType = sourcecode.swift; name = NetworkService.swift; path = network/NetworkService.swift; sourceTree = "<group>"; };
		757BE75F1E783400004E316C /* FirebaseRequest.swift */ = {isa = PBXFileReference; fileEncoding = 4; lastKnownFileType = sourcecode.swift; name = FirebaseRequest.swift; path = network/FirebaseRequest.swift; sourceTree = "<group>"; };
		757BE7621E783461004E316C /* ClaimAccessTokenRequest.swift */ = {isa = PBXFileReference; fileEncoding = 4; lastKnownFileType = sourcecode.swift; name = ClaimAccessTokenRequest.swift; path = network/requests/ClaimAccessTokenRequest.swift; sourceTree = "<group>"; };
		757BE7641E7834AA004E316C /* RegisterUserRequest.swift */ = {isa = PBXFileReference; fileEncoding = 4; lastKnownFileType = sourcecode.swift; name = RegisterUserRequest.swift; path = network/requests/RegisterUserRequest.swift; sourceTree = "<group>"; };
		757BE7661E783CFB004E316C /* HTTPRequestPerformer.swift */ = {isa = PBXFileReference; fileEncoding = 4; lastKnownFileType = sourcecode.swift; name = HTTPRequestPerformer.swift; path = network/HTTPRequestPerformer.swift; sourceTree = "<group>"; };
		757BE7681E785822004E316C /* HTTPRequest.swift */ = {isa = PBXFileReference; fileEncoding = 4; lastKnownFileType = sourcecode.swift; name = HTTPRequest.swift; path = network/HTTPRequest.swift; sourceTree = "<group>"; };
		757BE76A1E7872D6004E316C /* UserRequest.swift */ = {isa = PBXFileReference; fileEncoding = 4; lastKnownFileType = sourcecode.swift; name = UserRequest.swift; path = network/requests/UserRequest.swift; sourceTree = "<group>"; };
		757DEE621E71EA8C00747128 /* #github-iosTests.xctest */ = {isa = PBXFileReference; explicitFileType = wrapper.cfbundle; includeInIndex = 0; path = "#github-iosTests.xctest"; sourceTree = BUILT_PRODUCTS_DIR; };
		757DEE661E71EA8C00747128 /* Info.plist */ = {isa = PBXFileReference; lastKnownFileType = text.plist.xml; path = Info.plist; sourceTree = "<group>"; };
		757DEE6C1E71EAED00747128 /* AccessTokenTests.swift */ = {isa = PBXFileReference; fileEncoding = 4; lastKnownFileType = sourcecode.swift; path = AccessTokenTests.swift; sourceTree = "<group>"; };
		757DEE931E77026300747128 /* GoogleService-Info.plist */ = {isa = PBXFileReference; fileEncoding = 4; lastKnownFileType = text.plist.xml; path = "GoogleService-Info.plist"; sourceTree = "<group>"; };
		757DEE961E7709AA00747128 /* FirebaseService.swift */ = {isa = PBXFileReference; fileEncoding = 4; lastKnownFileType = sourcecode.swift; name = FirebaseService.swift; path = services/FirebaseService.swift; sourceTree = "<group>"; };
		757DEE981E7711B700747128 /* AppService.swift */ = {isa = PBXFileReference; fileEncoding = 4; lastKnownFileType = sourcecode.swift; name = AppService.swift; path = services/AppService.swift; sourceTree = "<group>"; };
		757DEE9A1E77129900747128 /* AppServicesDelegate.swift */ = {isa = PBXFileReference; fileEncoding = 4; lastKnownFileType = sourcecode.swift; path = AppServicesDelegate.swift; sourceTree = "<group>"; };
		757DEE9C1E77154700747128 /* URLSchemaService.swift */ = {isa = PBXFileReference; fileEncoding = 4; lastKnownFileType = sourcecode.swift; name = URLSchemaService.swift; path = services/URLSchemaService.swift; sourceTree = "<group>"; };
		757DEE9F1E77320C00747128 /* GithubConfig.swift */ = {isa = PBXFileReference; fileEncoding = 4; lastKnownFileType = sourcecode.swift; name = GithubConfig.swift; path = config/GithubConfig.swift; sourceTree = "<group>"; };
		757DEEA11E77338800747128 /* GithubConfig-Info.plist */ = {isa = PBXFileReference; fileEncoding = 4; lastKnownFileType = text.plist.xml; path = "GithubConfig-Info.plist"; sourceTree = "<group>"; };
		758F04A61E6F58F600791B26 /* #github-ios.app */ = {isa = PBXFileReference; explicitFileType = wrapper.application; includeInIndex = 0; path = "#github-ios.app"; sourceTree = BUILT_PRODUCTS_DIR; };
		758F04A91E6F58F600791B26 /* AppDelegate.swift */ = {isa = PBXFileReference; lastKnownFileType = sourcecode.swift; path = AppDelegate.swift; sourceTree = "<group>"; };
		758F04AB1E6F58F600791B26 /* ViewController.swift */ = {isa = PBXFileReference; lastKnownFileType = sourcecode.swift; path = ViewController.swift; sourceTree = "<group>"; };
		758F04AE1E6F58F600791B26 /* Base */ = {isa = PBXFileReference; lastKnownFileType = file.storyboard; name = Base; path = Base.lproj/Main.storyboard; sourceTree = "<group>"; };
		758F04B01E6F58F600791B26 /* Assets.xcassets */ = {isa = PBXFileReference; lastKnownFileType = folder.assetcatalog; path = Assets.xcassets; sourceTree = "<group>"; };
		758F04B31E6F58F600791B26 /* Base */ = {isa = PBXFileReference; lastKnownFileType = file.storyboard; name = Base; path = Base.lproj/LaunchScreen.storyboard; sourceTree = "<group>"; };
		758F04B51E6F58F600791B26 /* Info.plist */ = {isa = PBXFileReference; lastKnownFileType = text.plist.xml; path = Info.plist; sourceTree = "<group>"; };
		7592F8971E969B1900A89CF8 /* Login.storyboard */ = {isa = PBXFileReference; fileEncoding = 4; lastKnownFileType = file.storyboard; path = Login.storyboard; sourceTree = "<group>"; };
		7592F89A1E96B33100A89CF8 /* EnterViewController.swift */ = {isa = PBXFileReference; fileEncoding = 4; lastKnownFileType = sourcecode.swift; name = EnterViewController.swift; path = view/EnterViewController.swift; sourceTree = "<group>"; };
		7592F89C1E96B99100A89CF8 /* UILabel+Animation.swift */ = {isa = PBXFileReference; fileEncoding = 4; lastKnownFileType = sourcecode.swift; name = "UILabel+Animation.swift"; path = "util/UILabel+Animation.swift"; sourceTree = "<group>"; };
		7597C0C61E7C8F66002E2772 /* URL+Github.swift */ = {isa = PBXFileReference; fileEncoding = 4; lastKnownFileType = sourcecode.swift; name = "URL+Github.swift"; path = "network/URL+Github.swift"; sourceTree = "<group>"; };
		7597C0C81E803C1B002E2772 /* User.swift */ = {isa = PBXFileReference; fileEncoding = 4; lastKnownFileType = sourcecode.swift; name = User.swift; path = models/User.swift; sourceTree = "<group>"; };
		7597C0CA1E80622A002E2772 /* HTTPRequestResult.swift */ = {isa = PBXFileReference; fileEncoding = 4; lastKnownFileType = sourcecode.swift; name = HTTPRequestResult.swift; path = network/HTTPRequestResult.swift; sourceTree = "<group>"; };
		7597C0CD1E807846002E2772 /* String+Dictionary.swift */ = {isa = PBXFileReference; fileEncoding = 4; lastKnownFileType = sourcecode.swift; name = "String+Dictionary.swift"; path = "util/String+Dictionary.swift"; sourceTree = "<group>"; };
		7B9FBB1E4EABCC893F3FD299 /* Pods__github_ios.framework */ = {isa = PBXFileReference; explicitFileType = wrapper.framework; includeInIndex = 0; path = Pods__github_ios.framework; sourceTree = BUILT_PRODUCTS_DIR; };
		E4605694B09816BECFD833B6 /* Pods-#github-ios.debug.xcconfig */ = {isa = PBXFileReference; includeInIndex = 1; lastKnownFileType = text.xcconfig; name = "Pods-#github-ios.debug.xcconfig"; path = "Pods/Target Support Files/Pods-#github-ios/Pods-#github-ios.debug.xcconfig"; sourceTree = "<group>"; };
		EB50596BD11F5C7A592F7541 /* Pods-#github-iosTests.debug.xcconfig */ = {isa = PBXFileReference; includeInIndex = 1; lastKnownFileType = text.xcconfig; name = "Pods-#github-iosTests.debug.xcconfig"; path = "Pods/Target Support Files/Pods-#github-iosTests/Pods-#github-iosTests.debug.xcconfig"; sourceTree = "<group>"; };
		FB5DF9939742B7090524F146 /* Pods__github_iosTests.framework */ = {isa = PBXFileReference; explicitFileType = wrapper.framework; includeInIndex = 0; path = Pods__github_iosTests.framework; sourceTree = BUILT_PRODUCTS_DIR; };
		FDC06F71F750BFC65E4D0675 /* Pods-#github-ios.release.xcconfig */ = {isa = PBXFileReference; includeInIndex = 1; lastKnownFileType = text.xcconfig; name = "Pods-#github-ios.release.xcconfig"; path = "Pods/Target Support Files/Pods-#github-ios/Pods-#github-ios.release.xcconfig"; sourceTree = "<group>"; };
/* End PBXFileReference section */

/* Begin PBXFrameworksBuildPhase section */
		757DEE5F1E71EA8C00747128 /* Frameworks */ = {
			isa = PBXFrameworksBuildPhase;
			buildActionMask = 2147483647;
			files = (
				45DA020AB418D5F1165DFC98 /* Pods__github_iosTests.framework in Frameworks */,
			);
			runOnlyForDeploymentPostprocessing = 0;
		};
		758F04A31E6F58F600791B26 /* Frameworks */ = {
			isa = PBXFrameworksBuildPhase;
			buildActionMask = 2147483647;
			files = (
				AA58A42AB509A62D05EBFCEB /* Pods__github_ios.framework in Frameworks */,
			);
			runOnlyForDeploymentPostprocessing = 0;
		};
/* End PBXFrameworksBuildPhase section */

/* Begin PBXGroup section */
		3040E4F19003A75C79BA5B03 /* Pods */ = {
			isa = PBXGroup;
			children = (
				E4605694B09816BECFD833B6 /* Pods-#github-ios.debug.xcconfig */,
				FDC06F71F750BFC65E4D0675 /* Pods-#github-ios.release.xcconfig */,
				EB50596BD11F5C7A592F7541 /* Pods-#github-iosTests.debug.xcconfig */,
				1A554B3703E8E38A63A6EF53 /* Pods-#github-iosTests.release.xcconfig */,
			);
			name = Pods;
			sourceTree = "<group>";
		};
		751B264E1E71DD3300905606 /* models */ = {
			isa = PBXGroup;
			children = (
				7597C0C81E803C1B002E2772 /* User.swift */,
			);
			name = models;
			sourceTree = "<group>";
		};
		75433ECE1E9549FA0081FB97 /* view */ = {
			isa = PBXGroup;
			children = (
				7592F8991E96B31800A89CF8 /* enter */,
				75433EDF1E954D190081FB97 /* login */,
			);
			name = view;
			sourceTree = "<group>";
		};
		75433ED11E954ADC0081FB97 /* presenter */ = {
			isa = PBXGroup;
			children = (
				75433EDE1E954D0D0081FB97 /* login */,
				75433EF51E955EB30081FB97 /* BasePresenter.swift */,
			);
			name = presenter;
			sourceTree = "<group>";
		};
		75433ED61E954B220081FB97 /* interactor */ = {
			isa = PBXGroup;
			children = (
				75433EDD1E954D020081FB97 /* login */,
			);
			name = interactor;
			sourceTree = "<group>";
		};
		75433EDD1E954D020081FB97 /* login */ = {
			isa = PBXGroup;
			children = (
				75433ED71E954B680081FB97 /* LoginInteractor.swift */,
				75433ED91E954CA90081FB97 /* LoginInteractable.swift */,
			);
			name = login;
			sourceTree = "<group>";
		};
		75433EDE1E954D0D0081FB97 /* login */ = {
			isa = PBXGroup;
			children = (
				75433ED21E954AF50081FB97 /* LoginPresentable.swift */,
				75433EDB1E954CF40081FB97 /* LoginPresenter.swift */,
			);
			name = login;
			sourceTree = "<group>";
		};
		75433EDF1E954D190081FB97 /* login */ = {
			isa = PBXGroup;
			children = (
				75433ECF1E954A200081FB97 /* LoginViewController.swift */,
				75433EE01E95545F0081FB97 /* LoginView.swift */,
				75433EE21E95547C0081FB97 /* LoginViewController+View.swift */,
			);
			name = login;
			sourceTree = "<group>";
		};
		75433EE41E9559690081FB97 /* flow */ = {
			isa = PBXGroup;
			children = (
				75433EE51E9559800081FB97 /* FlowController.swift */,
			);
			name = flow;
			sourceTree = "<group>";
		};
		75433EED1E955E340081FB97 /* state */ = {
			isa = PBXGroup;
			children = (
				75433EEE1E955E3D0081FB97 /* login */,
			);
			name = state;
			sourceTree = "<group>";
		};
		75433EEE1E955E3D0081FB97 /* login */ = {
			isa = PBXGroup;
			children = (
				75433EEF1E955E7A0081FB97 /* LoggedInState.swift */,
				75433EF01E955E7A0081FB97 /* LoggedOutState.swift */,
				75433EF11E955E7A0081FB97 /* LoginState.swift */,
				75433EFA1E956CEE0081FB97 /* LoginStateFactory.swift */,
			);
			name = login;
			sourceTree = "<group>";
		};
		75433EFC1E9573870081FB97 /* notification */ = {
			isa = PBXGroup;
			children = (
				75433EFD1E9573CD0081FB97 /* NotificationCenterController.swift */,
			);
			name = notification;
			sourceTree = "<group>";
		};
		757BE75C1E782A50004E316C /* network */ = {
			isa = PBXGroup;
			children = (
				757BE7611E78341D004E316C /* requests */,
				757BE75D1E782AD9004E316C /* NetworkService.swift */,
				757BE75F1E783400004E316C /* FirebaseRequest.swift */,
				757BE7661E783CFB004E316C /* HTTPRequestPerformer.swift */,
				757BE7681E785822004E316C /* HTTPRequest.swift */,
				7597C0C61E7C8F66002E2772 /* URL+Github.swift */,
				751B264F1E71DD4A00905606 /* AccessToken.swift */,
				7597C0CA1E80622A002E2772 /* HTTPRequestResult.swift */,
			);
			name = network;
			sourceTree = "<group>";
		};
		757BE7611E78341D004E316C /* requests */ = {
			isa = PBXGroup;
			children = (
				757BE7621E783461004E316C /* ClaimAccessTokenRequest.swift */,
				757BE7641E7834AA004E316C /* RegisterUserRequest.swift */,
				757BE76A1E7872D6004E316C /* UserRequest.swift */,
			);
			name = requests;
			sourceTree = "<group>";
		};
		757DEE631E71EA8C00747128 /* #github-iosTests */ = {
			isa = PBXGroup;
			children = (
				757DEE6C1E71EAED00747128 /* AccessTokenTests.swift */,
				757DEE661E71EA8C00747128 /* Info.plist */,
			);
			path = "#github-iosTests";
			sourceTree = "<group>";
		};
		757DEE951E77097C00747128 /* services */ = {
			isa = PBXGroup;
			children = (
				757DEE961E7709AA00747128 /* FirebaseService.swift */,
				757DEE981E7711B700747128 /* AppService.swift */,
				757DEE9C1E77154700747128 /* URLSchemaService.swift */,
			);
			name = services;
			sourceTree = "<group>";
		};
		757DEE9E1E77319E00747128 /* config */ = {
			isa = PBXGroup;
			children = (
				757DEE9F1E77320C00747128 /* GithubConfig.swift */,
			);
			name = config;
			sourceTree = "<group>";
		};
		758F049D1E6F58F600791B26 = {
			isa = PBXGroup;
			children = (
				758F04A81E6F58F600791B26 /* #github-ios */,
				757DEE631E71EA8C00747128 /* #github-iosTests */,
				758F04A71E6F58F600791B26 /* Products */,
				3040E4F19003A75C79BA5B03 /* Pods */,
				A883424B6CA15D39B26DB7BA /* Frameworks */,
			);
			sourceTree = "<group>";
		};
		758F04A71E6F58F600791B26 /* Products */ = {
			isa = PBXGroup;
			children = (
				758F04A61E6F58F600791B26 /* #github-ios.app */,
				757DEE621E71EA8C00747128 /* #github-iosTests.xctest */,
			);
			name = Products;
			sourceTree = "<group>";
		};
		758F04A81E6F58F600791B26 /* #github-ios */ = {
			isa = PBXGroup;
			children = (
				75433EFC1E9573870081FB97 /* notification */,
				75433EF91E9565960081FB97 /* #github-ios.entitlements */,
				75433EED1E955E340081FB97 /* state */,
				75433EE41E9559690081FB97 /* flow */,
				75433ED61E954B220081FB97 /* interactor */,
				75433ED11E954ADC0081FB97 /* presenter */,
				75433ECE1E9549FA0081FB97 /* view */,
				7597C0CC1E80782D002E2772 /* util */,
				757BE75C1E782A50004E316C /* network */,
				757DEE9E1E77319E00747128 /* config */,
				757DEE951E77097C00747128 /* services */,
				751B264E1E71DD3300905606 /* models */,
				758F04A91E6F58F600791B26 /* AppDelegate.swift */,
				757DEE9A1E77129900747128 /* AppServicesDelegate.swift */,
				758F04AB1E6F58F600791B26 /* ViewController.swift */,
				758F04AD1E6F58F600791B26 /* Main.storyboard */,
				7592F8971E969B1900A89CF8 /* Login.storyboard */,
				758F04B01E6F58F600791B26 /* Assets.xcassets */,
				758F04B21E6F58F600791B26 /* LaunchScreen.storyboard */,
				758F04B51E6F58F600791B26 /* Info.plist */,
				757DEE931E77026300747128 /* GoogleService-Info.plist */,
				757DEEA11E77338800747128 /* GithubConfig-Info.plist */,
			);
			path = "#github-ios";
			sourceTree = "<group>";
		};
		7592F8991E96B31800A89CF8 /* enter */ = {
			isa = PBXGroup;
			children = (
				7592F89A1E96B33100A89CF8 /* EnterViewController.swift */,
			);
			name = enter;
			sourceTree = "<group>";
		};
		7597C0CC1E80782D002E2772 /* util */ = {
			isa = PBXGroup;
			children = (
				7597C0CD1E807846002E2772 /* String+Dictionary.swift */,
				75433EF71E9565100081FB97 /* Secure.swift */,
				7592F89C1E96B99100A89CF8 /* UILabel+Animation.swift */,
			);
			name = util;
			sourceTree = "<group>";
		};
		A883424B6CA15D39B26DB7BA /* Frameworks */ = {
			isa = PBXGroup;
			children = (
				7B9FBB1E4EABCC893F3FD299 /* Pods__github_ios.framework */,
				FB5DF9939742B7090524F146 /* Pods__github_iosTests.framework */,
			);
			name = Frameworks;
			sourceTree = "<group>";
		};
/* End PBXGroup section */

/* Begin PBXNativeTarget section */
		757DEE611E71EA8C00747128 /* #github-iosTests */ = {
			isa = PBXNativeTarget;
			buildConfigurationList = 757DEE6B1E71EA8C00747128 /* Build configuration list for PBXNativeTarget "#github-iosTests" */;
			buildPhases = (
				7415C4DE7D2E01D2055A5231 /* [CP] Check Pods Manifest.lock */,
				757DEE5E1E71EA8C00747128 /* Sources */,
				757DEE5F1E71EA8C00747128 /* Frameworks */,
				757DEE601E71EA8C00747128 /* Resources */,
				2CB95399FE87D9D24C1DD9D9 /* [CP] Embed Pods Frameworks */,
				0594830CEA06CAF0CA1E58A1 /* [CP] Copy Pods Resources */,
			);
			buildRules = (
			);
			dependencies = (
				757DEE681E71EA8C00747128 /* PBXTargetDependency */,
			);
			name = "#github-iosTests";
			productName = "#github-iosTests";
			productReference = 757DEE621E71EA8C00747128 /* #github-iosTests.xctest */;
			productType = "com.apple.product-type.bundle.unit-test";
		};
		758F04A51E6F58F600791B26 /* #github-ios */ = {
			isa = PBXNativeTarget;
			buildConfigurationList = 758F04B81E6F58F600791B26 /* Build configuration list for PBXNativeTarget "#github-ios" */;
			buildPhases = (
				4920ADFD1A994BCD3C784B94 /* [CP] Check Pods Manifest.lock */,
				758F04A21E6F58F600791B26 /* Sources */,
				758F04A31E6F58F600791B26 /* Frameworks */,
				758F04A41E6F58F600791B26 /* Resources */,
				01AA4D59810B0FEF27AD1353 /* [CP] Embed Pods Frameworks */,
				1CD4823A41FEA5543A9FCBC9 /* [CP] Copy Pods Resources */,
			);
			buildRules = (
			);
			dependencies = (
			);
			name = "#github-ios";
			productName = "#github-ios";
			productReference = 758F04A61E6F58F600791B26 /* #github-ios.app */;
			productType = "com.apple.product-type.application";
		};
/* End PBXNativeTarget section */

/* Begin PBXProject section */
		758F049E1E6F58F600791B26 /* Project object */ = {
			isa = PBXProject;
			attributes = {
				LastSwiftUpdateCheck = 0820;
				LastUpgradeCheck = 0820;
				ORGANIZATIONNAME = "Artur Matusiak";
				TargetAttributes = {
					757DEE611E71EA8C00747128 = {
						CreatedOnToolsVersion = 8.2.1;
						DevelopmentTeam = 9HD446P758;
						ProvisioningStyle = Manual;
						TestTargetID = 758F04A51E6F58F600791B26;
					};
					758F04A51E6F58F600791B26 = {
						CreatedOnToolsVersion = 8.2.1;
						DevelopmentTeam = 9HD446P758;
						ProvisioningStyle = Manual;
						SystemCapabilities = {
							com.apple.Keychain = {
								enabled = 1;
							};
						};
					};
				};
			};
			buildConfigurationList = 758F04A11E6F58F600791B26 /* Build configuration list for PBXProject "#github-ios" */;
			compatibilityVersion = "Xcode 3.2";
			developmentRegion = English;
			hasScannedForEncodings = 0;
			knownRegions = (
				en,
				Base,
			);
			mainGroup = 758F049D1E6F58F600791B26;
			productRefGroup = 758F04A71E6F58F600791B26 /* Products */;
			projectDirPath = "";
			projectRoot = "";
			targets = (
				758F04A51E6F58F600791B26 /* #github-ios */,
				757DEE611E71EA8C00747128 /* #github-iosTests */,
			);
		};
/* End PBXProject section */

/* Begin PBXResourcesBuildPhase section */
		757DEE601E71EA8C00747128 /* Resources */ = {
			isa = PBXResourcesBuildPhase;
			buildActionMask = 2147483647;
			files = (
			);
			runOnlyForDeploymentPostprocessing = 0;
		};
		758F04A41E6F58F600791B26 /* Resources */ = {
			isa = PBXResourcesBuildPhase;
			buildActionMask = 2147483647;
			files = (
				758F04B41E6F58F600791B26 /* LaunchScreen.storyboard in Resources */,
				757DEE941E77026300747128 /* GoogleService-Info.plist in Resources */,
				7592F8981E969B1900A89CF8 /* Login.storyboard in Resources */,
				758F04B11E6F58F600791B26 /* Assets.xcassets in Resources */,
				758F04AF1E6F58F600791B26 /* Main.storyboard in Resources */,
				757DEEA21E77338800747128 /* GithubConfig-Info.plist in Resources */,
			);
			runOnlyForDeploymentPostprocessing = 0;
		};
/* End PBXResourcesBuildPhase section */

/* Begin PBXShellScriptBuildPhase section */
		01AA4D59810B0FEF27AD1353 /* [CP] Embed Pods Frameworks */ = {
			isa = PBXShellScriptBuildPhase;
			buildActionMask = 2147483647;
			files = (
			);
			inputPaths = (
			);
			name = "[CP] Embed Pods Frameworks";
			outputPaths = (
			);
			runOnlyForDeploymentPostprocessing = 0;
			shellPath = /bin/sh;
			shellScript = "\"${SRCROOT}/Pods/Target Support Files/Pods-#github-ios/Pods-#github-ios-frameworks.sh\"\n";
			showEnvVarsInLog = 0;
		};
		0594830CEA06CAF0CA1E58A1 /* [CP] Copy Pods Resources */ = {
			isa = PBXShellScriptBuildPhase;
			buildActionMask = 2147483647;
			files = (
			);
			inputPaths = (
			);
			name = "[CP] Copy Pods Resources";
			outputPaths = (
			);
			runOnlyForDeploymentPostprocessing = 0;
			shellPath = /bin/sh;
			shellScript = "\"${SRCROOT}/Pods/Target Support Files/Pods-#github-iosTests/Pods-#github-iosTests-resources.sh\"\n";
			showEnvVarsInLog = 0;
		};
		1CD4823A41FEA5543A9FCBC9 /* [CP] Copy Pods Resources */ = {
			isa = PBXShellScriptBuildPhase;
			buildActionMask = 2147483647;
			files = (
			);
			inputPaths = (
			);
			name = "[CP] Copy Pods Resources";
			outputPaths = (
			);
			runOnlyForDeploymentPostprocessing = 0;
			shellPath = /bin/sh;
			shellScript = "\"${SRCROOT}/Pods/Target Support Files/Pods-#github-ios/Pods-#github-ios-resources.sh\"\n";
			showEnvVarsInLog = 0;
		};
		2CB95399FE87D9D24C1DD9D9 /* [CP] Embed Pods Frameworks */ = {
			isa = PBXShellScriptBuildPhase;
			buildActionMask = 2147483647;
			files = (
			);
			inputPaths = (
			);
			name = "[CP] Embed Pods Frameworks";
			outputPaths = (
			);
			runOnlyForDeploymentPostprocessing = 0;
			shellPath = /bin/sh;
			shellScript = "\"${SRCROOT}/Pods/Target Support Files/Pods-#github-iosTests/Pods-#github-iosTests-frameworks.sh\"\n";
			showEnvVarsInLog = 0;
		};
		4920ADFD1A994BCD3C784B94 /* [CP] Check Pods Manifest.lock */ = {
			isa = PBXShellScriptBuildPhase;
			buildActionMask = 2147483647;
			files = (
			);
			inputPaths = (
			);
			name = "[CP] Check Pods Manifest.lock";
			outputPaths = (
			);
			runOnlyForDeploymentPostprocessing = 0;
			shellPath = /bin/sh;
			shellScript = "diff \"${PODS_ROOT}/../Podfile.lock\" \"${PODS_ROOT}/Manifest.lock\" > /dev/null\nif [ $? != 0 ] ; then\n    # print error to STDERR\n    echo \"error: The sandbox is not in sync with the Podfile.lock. Run 'pod install' or update your CocoaPods installation.\" >&2\n    exit 1\nfi\n";
			showEnvVarsInLog = 0;
		};
		7415C4DE7D2E01D2055A5231 /* [CP] Check Pods Manifest.lock */ = {
			isa = PBXShellScriptBuildPhase;
			buildActionMask = 2147483647;
			files = (
			);
			inputPaths = (
			);
			name = "[CP] Check Pods Manifest.lock";
			outputPaths = (
			);
			runOnlyForDeploymentPostprocessing = 0;
			shellPath = /bin/sh;
			shellScript = "diff \"${PODS_ROOT}/../Podfile.lock\" \"${PODS_ROOT}/Manifest.lock\" > /dev/null\nif [ $? != 0 ] ; then\n    # print error to STDERR\n    echo \"error: The sandbox is not in sync with the Podfile.lock. Run 'pod install' or update your CocoaPods installation.\" >&2\n    exit 1\nfi\n";
			showEnvVarsInLog = 0;
		};
/* End PBXShellScriptBuildPhase section */

/* Begin PBXSourcesBuildPhase section */
		757DEE5E1E71EA8C00747128 /* Sources */ = {
			isa = PBXSourcesBuildPhase;
			buildActionMask = 2147483647;
			files = (
				757DEE6D1E71EAED00747128 /* AccessTokenTests.swift in Sources */,
				75D5B1AF1E8AD70200440AA8 /* String+Dictionary.swift in Sources */,
				75D5B1B01E8AD71700440AA8 /* HTTPRequestResult.swift in Sources */,
				757DEE6E1E71EBD600747128 /* AccessToken.swift in Sources */,
			);
			runOnlyForDeploymentPostprocessing = 0;
		};
		758F04A21E6F58F600791B26 /* Sources */ = {
			isa = PBXSourcesBuildPhase;
			buildActionMask = 2147483647;
			files = (
				757DEE9B1E77129900747128 /* AppServicesDelegate.swift in Sources */,
				757BE7631E783461004E316C /* ClaimAccessTokenRequest.swift in Sources */,
				75433EE61E9559800081FB97 /* FlowController.swift in Sources */,
				7592F89D1E96B99100A89CF8 /* UILabel+Animation.swift in Sources */,
				758F04AC1E6F58F600791B26 /* ViewController.swift in Sources */,
				7597C0CE1E807846002E2772 /* String+Dictionary.swift in Sources */,
				757DEE991E7711B700747128 /* AppService.swift in Sources */,
				75433EDA1E954CA90081FB97 /* LoginInteractable.swift in Sources */,
				7597C0CB1E80622A002E2772 /* HTTPRequestResult.swift in Sources */,
				757DEE9D1E77154700747128 /* URLSchemaService.swift in Sources */,
				757BE75E1E782AD9004E316C /* NetworkService.swift in Sources */,
				75433ED01E954A200081FB97 /* LoginViewController.swift in Sources */,
				75433EFE1E9573CD0081FB97 /* NotificationCenterController.swift in Sources */,
				75433ED31E954AF50081FB97 /* LoginPresentable.swift in Sources */,
				758F04AA1E6F58F600791B26 /* AppDelegate.swift in Sources */,
				7597C0C91E803C1B002E2772 /* User.swift in Sources */,
				7592F89B1E96B33200A89CF8 /* EnterViewController.swift in Sources */,
				75433EF81E9565100081FB97 /* Secure.swift in Sources */,
				75433EE11E95545F0081FB97 /* LoginView.swift in Sources */,
				75433ED81E954B680081FB97 /* LoginInteractor.swift in Sources */,
				757DEEA01E77320C00747128 /* GithubConfig.swift in Sources */,
				75433EDC1E954CF40081FB97 /* LoginPresenter.swift in Sources */,
				75433EF61E955EB30081FB97 /* BasePresenter.swift in Sources */,
				75433EE31E95547C0081FB97 /* LoginViewController+View.swift in Sources */,
				757BE76B1E7872D6004E316C /* UserRequest.swift in Sources */,
				75433EF21E955E7A0081FB97 /* LoggedInState.swift in Sources */,
				757BE7671E783CFB004E316C /* HTTPRequestPerformer.swift in Sources */,
				757BE7601E783400004E316C /* FirebaseRequest.swift in Sources */,
				757BE7651E7834AA004E316C /* RegisterUserRequest.swift in Sources */,
				7597C0C71E7C8F66002E2772 /* URL+Github.swift in Sources */,
				75433EF41E955E7A0081FB97 /* LoginState.swift in Sources */,
				757BE7691E785822004E316C /* HTTPRequest.swift in Sources */,
				757DEE971E7709AA00747128 /* FirebaseService.swift in Sources */,
				75433EFB1E956CEE0081FB97 /* LoginStateFactory.swift in Sources */,
				751B26501E71DD4A00905606 /* AccessToken.swift in Sources */,
				75433EF31E955E7A0081FB97 /* LoggedOutState.swift in Sources */,
			);
			runOnlyForDeploymentPostprocessing = 0;
		};
/* End PBXSourcesBuildPhase section */

/* Begin PBXTargetDependency section */
		757DEE681E71EA8C00747128 /* PBXTargetDependency */ = {
			isa = PBXTargetDependency;
			target = 758F04A51E6F58F600791B26 /* #github-ios */;
			targetProxy = 757DEE671E71EA8C00747128 /* PBXContainerItemProxy */;
		};
/* End PBXTargetDependency section */

/* Begin PBXVariantGroup section */
		758F04AD1E6F58F600791B26 /* Main.storyboard */ = {
			isa = PBXVariantGroup;
			children = (
				758F04AE1E6F58F600791B26 /* Base */,
			);
			name = Main.storyboard;
			sourceTree = "<group>";
		};
		758F04B21E6F58F600791B26 /* LaunchScreen.storyboard */ = {
			isa = PBXVariantGroup;
			children = (
				758F04B31E6F58F600791B26 /* Base */,
			);
			name = LaunchScreen.storyboard;
			sourceTree = "<group>";
		};
/* End PBXVariantGroup section */

/* Begin XCBuildConfiguration section */
		757DEE691E71EA8C00747128 /* Debug */ = {
			isa = XCBuildConfiguration;
			baseConfigurationReference = EB50596BD11F5C7A592F7541 /* Pods-#github-iosTests.debug.xcconfig */;
			buildSettings = {
				BUNDLE_LOADER = "$(TEST_HOST)";
				"CODE_SIGN_IDENTITY[sdk=iphoneos*]" = "iPhone Developer";
				DEVELOPMENT_TEAM = 9HD446P758;
				INFOPLIST_FILE = "#github-iosTests/Info.plist";
				LD_RUNPATH_SEARCH_PATHS = "$(inherited) @executable_path/Frameworks @loader_path/Frameworks";
				PRODUCT_BUNDLE_IDENTIFIER = "com.matusiakartur.-github-iosTests";
				PRODUCT_NAME = "$(TARGET_NAME)";
				PROVISIONING_PROFILE_SPECIFIER = "";
				SWIFT_VERSION = 3.0;
				TEST_HOST = "$(BUILT_PRODUCTS_DIR)/#github-ios.app/#github-ios";
			};
			name = Debug;
		};
		757DEE6A1E71EA8C00747128 /* Release */ = {
			isa = XCBuildConfiguration;
			baseConfigurationReference = 1A554B3703E8E38A63A6EF53 /* Pods-#github-iosTests.release.xcconfig */;
			buildSettings = {
				BUNDLE_LOADER = "$(TEST_HOST)";
				DEVELOPMENT_TEAM = 9HD446P758;
				INFOPLIST_FILE = "#github-iosTests/Info.plist";
				LD_RUNPATH_SEARCH_PATHS = "$(inherited) @executable_path/Frameworks @loader_path/Frameworks";
				PRODUCT_BUNDLE_IDENTIFIER = "com.matusiakartur.-github-iosTests";
				PRODUCT_NAME = "$(TARGET_NAME)";
				PROVISIONING_PROFILE_SPECIFIER = "";
				SWIFT_VERSION = 3.0;
				TEST_HOST = "$(BUILT_PRODUCTS_DIR)/#github-ios.app/#github-ios";
			};
			name = Release;
		};
		758F04B61E6F58F600791B26 /* Debug */ = {
			isa = XCBuildConfiguration;
			buildSettings = {
				ALWAYS_SEARCH_USER_PATHS = NO;
				CLANG_ANALYZER_NONNULL = YES;
				CLANG_CXX_LANGUAGE_STANDARD = "gnu++0x";
				CLANG_CXX_LIBRARY = "libc++";
				CLANG_ENABLE_MODULES = YES;
				CLANG_ENABLE_OBJC_ARC = YES;
				CLANG_WARN_BOOL_CONVERSION = YES;
				CLANG_WARN_CONSTANT_CONVERSION = YES;
				CLANG_WARN_DIRECT_OBJC_ISA_USAGE = YES_ERROR;
				CLANG_WARN_DOCUMENTATION_COMMENTS = YES;
				CLANG_WARN_EMPTY_BODY = YES;
				CLANG_WARN_ENUM_CONVERSION = YES;
				CLANG_WARN_INFINITE_RECURSION = YES;
				CLANG_WARN_INT_CONVERSION = YES;
				CLANG_WARN_OBJC_ROOT_CLASS = YES_ERROR;
				CLANG_WARN_SUSPICIOUS_MOVE = YES;
				CLANG_WARN_UNREACHABLE_CODE = YES;
				CLANG_WARN__DUPLICATE_METHOD_MATCH = YES;
				"CODE_SIGN_IDENTITY[sdk=iphoneos*]" = "iPhone Developer";
				COPY_PHASE_STRIP = NO;
				DEBUG_INFORMATION_FORMAT = dwarf;
				ENABLE_STRICT_OBJC_MSGSEND = YES;
				ENABLE_TESTABILITY = YES;
				GCC_C_LANGUAGE_STANDARD = gnu99;
				GCC_DYNAMIC_NO_PIC = NO;
				GCC_NO_COMMON_BLOCKS = YES;
				GCC_OPTIMIZATION_LEVEL = 0;
				GCC_PREPROCESSOR_DEFINITIONS = (
					"DEBUG=1",
					"$(inherited)",
				);
				GCC_WARN_64_TO_32_BIT_CONVERSION = YES;
				GCC_WARN_ABOUT_RETURN_TYPE = YES_ERROR;
				GCC_WARN_UNDECLARED_SELECTOR = YES;
				GCC_WARN_UNINITIALIZED_AUTOS = YES_AGGRESSIVE;
				GCC_WARN_UNUSED_FUNCTION = YES;
				GCC_WARN_UNUSED_VARIABLE = YES;
				IPHONEOS_DEPLOYMENT_TARGET = 10.2;
				MTL_ENABLE_DEBUG_INFO = YES;
				ONLY_ACTIVE_ARCH = YES;
				SDKROOT = iphoneos;
				SWIFT_ACTIVE_COMPILATION_CONDITIONS = DEBUG;
				SWIFT_OPTIMIZATION_LEVEL = "-Onone";
				TARGETED_DEVICE_FAMILY = "1,2";
			};
			name = Debug;
		};
		758F04B71E6F58F600791B26 /* Release */ = {
			isa = XCBuildConfiguration;
			buildSettings = {
				ALWAYS_SEARCH_USER_PATHS = NO;
				CLANG_ANALYZER_NONNULL = YES;
				CLANG_CXX_LANGUAGE_STANDARD = "gnu++0x";
				CLANG_CXX_LIBRARY = "libc++";
				CLANG_ENABLE_MODULES = YES;
				CLANG_ENABLE_OBJC_ARC = YES;
				CLANG_WARN_BOOL_CONVERSION = YES;
				CLANG_WARN_CONSTANT_CONVERSION = YES;
				CLANG_WARN_DIRECT_OBJC_ISA_USAGE = YES_ERROR;
				CLANG_WARN_DOCUMENTATION_COMMENTS = YES;
				CLANG_WARN_EMPTY_BODY = YES;
				CLANG_WARN_ENUM_CONVERSION = YES;
				CLANG_WARN_INFINITE_RECURSION = YES;
				CLANG_WARN_INT_CONVERSION = YES;
				CLANG_WARN_OBJC_ROOT_CLASS = YES_ERROR;
				CLANG_WARN_SUSPICIOUS_MOVE = YES;
				CLANG_WARN_UNREACHABLE_CODE = YES;
				CLANG_WARN__DUPLICATE_METHOD_MATCH = YES;
				"CODE_SIGN_IDENTITY[sdk=iphoneos*]" = "iPhone Developer";
				COPY_PHASE_STRIP = NO;
				DEBUG_INFORMATION_FORMAT = "dwarf-with-dsym";
				ENABLE_NS_ASSERTIONS = NO;
				ENABLE_STRICT_OBJC_MSGSEND = YES;
				GCC_C_LANGUAGE_STANDARD = gnu99;
				GCC_NO_COMMON_BLOCKS = YES;
				GCC_WARN_64_TO_32_BIT_CONVERSION = YES;
				GCC_WARN_ABOUT_RETURN_TYPE = YES_ERROR;
				GCC_WARN_UNDECLARED_SELECTOR = YES;
				GCC_WARN_UNINITIALIZED_AUTOS = YES_AGGRESSIVE;
				GCC_WARN_UNUSED_FUNCTION = YES;
				GCC_WARN_UNUSED_VARIABLE = YES;
				IPHONEOS_DEPLOYMENT_TARGET = 10.2;
				MTL_ENABLE_DEBUG_INFO = NO;
				SDKROOT = iphoneos;
				SWIFT_OPTIMIZATION_LEVEL = "-Owholemodule";
				TARGETED_DEVICE_FAMILY = "1,2";
				VALIDATE_PRODUCT = YES;
			};
			name = Release;
		};
		758F04B91E6F58F600791B26 /* Debug */ = {
			isa = XCBuildConfiguration;
			baseConfigurationReference = E4605694B09816BECFD833B6 /* Pods-#github-ios.debug.xcconfig */;
			buildSettings = {
				ASSETCATALOG_COMPILER_APPICON_NAME = AppIcon;
				CODE_SIGN_ENTITLEMENTS = "#github-ios/#github-ios.entitlements";
				"CODE_SIGN_IDENTITY[sdk=iphoneos*]" = "iPhone Developer";
				DEVELOPMENT_TEAM = 9HD446P758;
				INFOPLIST_FILE = "#github-ios/Info.plist";
				LD_RUNPATH_SEARCH_PATHS = "$(inherited) @executable_path/Frameworks";
				PRODUCT_BUNDLE_IDENTIFIER = "com.matusiakartur.-github-ios";
				PRODUCT_NAME = "$(TARGET_NAME)";
				PROVISIONING_PROFILE = "afb467b4-6aa5-4923-a666-097b23c227b6";
				PROVISIONING_PROFILE_SPECIFIER = "Hashtag Github iOS Development";
				SWIFT_VERSION = 3.0;
			};
			name = Debug;
		};
		758F04BA1E6F58F600791B26 /* Release */ = {
			isa = XCBuildConfiguration;
			baseConfigurationReference = FDC06F71F750BFC65E4D0675 /* Pods-#github-ios.release.xcconfig */;
			buildSettings = {
				ASSETCATALOG_COMPILER_APPICON_NAME = AppIcon;
				CODE_SIGN_ENTITLEMENTS = "#github-ios/#github-ios.entitlements";
				"CODE_SIGN_IDENTITY[sdk=iphoneos*]" = "iPhone Distribution";
				DEVELOPMENT_TEAM = 9HD446P758;
				INFOPLIST_FILE = "#github-ios/Info.plist";
				LD_RUNPATH_SEARCH_PATHS = "$(inherited) @executable_path/Frameworks";
				PRODUCT_BUNDLE_IDENTIFIER = "com.matusiakartur.-github-ios";
				PRODUCT_NAME = "$(TARGET_NAME)";
				PROVISIONING_PROFILE = "10850da8-2fbe-4832-bff9-62536718b01c";
				PROVISIONING_PROFILE_SPECIFIER = "Hashtag Github iOS Distribution";
				SWIFT_VERSION = 3.0;
			};
			name = Release;
		};
/* End XCBuildConfiguration section */

/* Begin XCConfigurationList section */
		757DEE6B1E71EA8C00747128 /* Build configuration list for PBXNativeTarget "#github-iosTests" */ = {
			isa = XCConfigurationList;
			buildConfigurations = (
				757DEE691E71EA8C00747128 /* Debug */,
				757DEE6A1E71EA8C00747128 /* Release */,
			);
			defaultConfigurationIsVisible = 0;
			defaultConfigurationName = Release;
		};
		758F04A11E6F58F600791B26 /* Build configuration list for PBXProject "#github-ios" */ = {
			isa = XCConfigurationList;
			buildConfigurations = (
				758F04B61E6F58F600791B26 /* Debug */,
				758F04B71E6F58F600791B26 /* Release */,
			);
			defaultConfigurationIsVisible = 0;
			defaultConfigurationName = Release;
		};
		758F04B81E6F58F600791B26 /* Build configuration list for PBXNativeTarget "#github-ios" */ = {
			isa = XCConfigurationList;
			buildConfigurations = (
				758F04B91E6F58F600791B26 /* Debug */,
				758F04BA1E6F58F600791B26 /* Release */,
			);
			defaultConfigurationIsVisible = 0;
			defaultConfigurationName = Release;
		};
/* End XCConfigurationList section */
	};
	rootObject = 758F049E1E6F58F600791B26 /* Project object */;
}
